
Microsoft Visual Studio Solution File, Format Version 12.00
# Visual Studio Version 17
VisualStudioVersion = 17.10.34916.146
MinimumVisualStudioVersion = 10.0.40219.1
Project("{2150E333-8FDC-42A3-9474-1A3956D46DE8}") = "Tests", "Tests", "{E12BF967-EBEF-4FC4-9E71-2A263B0EFF94}"
EndProject
Project("{2150E333-8FDC-42A3-9474-1A3956D46DE8}") = "Src", "Src", "{75B20AE8-8D9D-4A92-BC97-02AC5F924F18}"
EndProject
Project("{2150E333-8FDC-42A3-9474-1A3956D46DE8}") = "Solution Items", "Solution Items", "{8AB0C8CE-AC64-44C9-8F78-39444EFE6D67}"
EndProject
Project("{FAE04EC0-301F-11D3-BF4B-00C04F79EFBC}") = "WebAPI", "WebAPI\WebAPI.csproj", "{8012F00C-2835-4B57-9A98-0B54DF543BA5}"
EndProject
Global
	GlobalSection(SolutionConfigurationPlatforms) = preSolution
		Debug|Any CPU = Debug|Any CPU
		Release|Any CPU = Release|Any CPU
	EndGlobalSection
	GlobalSection(ProjectConfigurationPlatforms) = postSolution
		{8012F00C-2835-4B57-9A98-0B54DF543BA5}.Debug|Any CPU.ActiveCfg = Debug|Any CPU
		{8012F00C-2835-4B57-9A98-0B54DF543BA5}.Debug|Any CPU.Build.0 = Debug|Any CPU
		{8012F00C-2835-4B57-9A98-0B54DF543BA5}.Release|Any CPU.ActiveCfg = Release|Any CPU
		{8012F00C-2835-4B57-9A98-0B54DF543BA5}.Release|Any CPU.Build.0 = Release|Any CPU
	EndGlobalSection
	GlobalSection(SolutionProperties) = preSolution
		HideSolutionNode = FALSE
	EndGlobalSection
	GlobalSection(NestedProjects) = preSolution
		{8012F00C-2835-4B57-9A98-0B54DF543BA5} = {75B20AE8-8D9D-4A92-BC97-02AC5F924F18}
	EndGlobalSection
	GlobalSection(ExtensibilityGlobals) = postSolution
		SolutionGuid = {25744114-3B45-4EA2-9AB3-79F8B0EA2CFD}
	EndGlobalSection
EndGlobal
